
Microsoft Visual Studio Solution File, Format Version 12.00
# Visual Studio Version 16
VisualStudioVersion = 16.0.29709.97
MinimumVisualStudioVersion = 10.0.40219.1
Project("{9A19103F-16F7-4668-BE54-9A1E7A4F7556}") = "UNDP", "UNDP.csproj", "{2C5BAC17-343D-4151-89A7-AD2F9A6D8007}"
EndProject
Project("{9A19103F-16F7-4668-BE54-9A1E7A4F7556}") = "UNDP.DAL", "..\UNDP.DAL\UNDP.DAL.csproj", "{64A04395-684D-4402-AB66-3EC874CC1EFB}"
EndProject
Project("{9A19103F-16F7-4668-BE54-9A1E7A4F7556}") = "UNDP.BLL", "..\UNDP.BLL\UNDP.BLL.csproj", "{AECB6116-B62C-45AB-AEEE-4D0FD3811817}"
EndProject
Project("{00D1A9C2-B5F0-4AF3-8072-F6C62B433612}") = "UNDP.Database", "..\UNDP.Database\UNDP.Database.sqlproj", "{C07F2F30-0BFC-46AE-935E-9423A3EC1E87}"
EndProject
Global
	GlobalSection(SolutionConfigurationPlatforms) = preSolution
		Debug|Any CPU = Debug|Any CPU
		Release|Any CPU = Release|Any CPU
	EndGlobalSection
	GlobalSection(ProjectConfigurationPlatforms) = postSolution
		{2C5BAC17-343D-4151-89A7-AD2F9A6D8007}.Debug|Any CPU.ActiveCfg = Debug|Any CPU
		{2C5BAC17-343D-4151-89A7-AD2F9A6D8007}.Debug|Any CPU.Build.0 = Debug|Any CPU
		{2C5BAC17-343D-4151-89A7-AD2F9A6D8007}.Release|Any CPU.ActiveCfg = Release|Any CPU
		{2C5BAC17-343D-4151-89A7-AD2F9A6D8007}.Release|Any CPU.Build.0 = Release|Any CPU
		{64A04395-684D-4402-AB66-3EC874CC1EFB}.Debug|Any CPU.ActiveCfg = Debug|Any CPU
		{64A04395-684D-4402-AB66-3EC874CC1EFB}.Debug|Any CPU.Build.0 = Debug|Any CPU
		{64A04395-684D-4402-AB66-3EC874CC1EFB}.Release|Any CPU.ActiveCfg = Release|Any CPU
		{64A04395-684D-4402-AB66-3EC874CC1EFB}.Release|Any CPU.Build.0 = Release|Any CPU
		{AECB6116-B62C-45AB-AEEE-4D0FD3811817}.Debug|Any CPU.ActiveCfg = Debug|Any CPU
		{AECB6116-B62C-45AB-AEEE-4D0FD3811817}.Debug|Any CPU.Build.0 = Debug|Any CPU
		{AECB6116-B62C-45AB-AEEE-4D0FD3811817}.Release|Any CPU.ActiveCfg = Release|Any CPU
		{AECB6116-B62C-45AB-AEEE-4D0FD3811817}.Release|Any CPU.Build.0 = Release|Any CPU
		{C07F2F30-0BFC-46AE-935E-9423A3EC1E87}.Debug|Any CPU.ActiveCfg = Debug|Any CPU
		{C07F2F30-0BFC-46AE-935E-9423A3EC1E87}.Debug|Any CPU.Build.0 = Debug|Any CPU
		{C07F2F30-0BFC-46AE-935E-9423A3EC1E87}.Debug|Any CPU.Deploy.0 = Debug|Any CPU
		{C07F2F30-0BFC-46AE-935E-9423A3EC1E87}.Release|Any CPU.ActiveCfg = Release|Any CPU
		{C07F2F30-0BFC-46AE-935E-9423A3EC1E87}.Release|Any CPU.Build.0 = Release|Any CPU
		{C07F2F30-0BFC-46AE-935E-9423A3EC1E87}.Release|Any CPU.Deploy.0 = Release|Any CPU
	EndGlobalSection
	GlobalSection(SolutionProperties) = preSolution
		HideSolutionNode = FALSE
	EndGlobalSection
	GlobalSection(ExtensibilityGlobals) = postSolution
		SolutionGuid = {185B9C35-DCA9-4BE7-94C0-FD4863B3BEE6}
	EndGlobalSection
EndGlobal
